{
  "version": 4,
  "terraform_version": "0.13.0",
  "serial": 5,
  "lineage": "2b4cf147-83ca-3817-6a8d-91fb0b8d4544",
  "outputs": {},
  "resources": [
    {
      "mode": "managed",
      "type": "aws_s3_bucket",
      "name": "state_bucket",
      "provider": "provider[\"registry.terraform.io/hashicorp/aws\"]",
      "instances": [
        {
          "schema_version": 0,
          "attributes": {
            "acceleration_status": "",
            "acl": "private",
            "arn": "arn:aws:s3:::prod-terraform-workspace-state-bucket-20200815",
            "bucket": "prod-terraform-workspace-state-bucket-20200815",
            "bucket_domain_name": "prod-terraform-workspace-state-bucket-20200815.s3.amazonaws.com",
            "bucket_prefix": null,
            "bucket_regional_domain_name": "prod-terraform-workspace-state-bucket-20200815.s3.amazonaws.com",
            "cors_rule": [],
            "force_destroy": false,
            "grant": [],
            "hosted_zone_id": "Z3AQBSTGFYJSTF",
            "id": "prod-terraform-workspace-state-bucket-20200815",
            "lifecycle_rule": [],
            "logging": [],
            "object_lock_configuration": [],
            "policy": null,
            "region": "us-east-1",
            "replication_configuration": [],
            "request_payer": "BucketOwner",
            "server_side_encryption_configuration": [],
            "tags": {},
            "versioning": [
              {
                "enabled": true,
                "mfa_delete": false
              }
            ],
            "website": [],
            "website_domain": null,
            "website_endpoint": null
          }
        }
      ]
    }
  ]
}
